
Microsoft Visual Studio Solution File, Format Version 12.00
# Visual Studio Version 16
VisualStudioVersion = 16.0.35130.168
MinimumVisualStudioVersion = 10.0.40219.1
Project("{FAE04EC0-301F-11D3-BF4B-00C04F79EFBC}") = "Capa_Vista_Citas", "Capa_Vista_Citas\Capa_Vista_Citas.csproj", "{AFDBD088-812A-46E7-B1F3-626E7A124C29}"
EndProject
Project("{FAE04EC0-301F-11D3-BF4B-00C04F79EFBC}") = "Capa_Controlador_Citas", "Capa_Controlador_Citas\Capa_Controlador_Citas.csproj", "{61413F1E-073B-4B8A-B2EB-A5D34D60485B}"
EndProject
Project("{FAE04EC0-301F-11D3-BF4B-00C04F79EFBC}") = "Capa_Modelo_Citas", "Capa_Modelo_Citas\Capa_Modelo_Citas.csproj", "{92BBE5AB-CDBF-4815-8F7C-850721F35405}"
EndProject
Global
	GlobalSection(SolutionConfigurationPlatforms) = preSolution
		Debug|Any CPU = Debug|Any CPU
		Release|Any CPU = Release|Any CPU
	EndGlobalSection
	GlobalSection(ProjectConfigurationPlatforms) = postSolution
		{AFDBD088-812A-46E7-B1F3-626E7A124C29}.Debug|Any CPU.ActiveCfg = Debug|Any CPU
		{AFDBD088-812A-46E7-B1F3-626E7A124C29}.Debug|Any CPU.Build.0 = Debug|Any CPU
		{AFDBD088-812A-46E7-B1F3-626E7A124C29}.Release|Any CPU.ActiveCfg = Release|Any CPU
		{AFDBD088-812A-46E7-B1F3-626E7A124C29}.Release|Any CPU.Build.0 = Release|Any CPU
		{61413F1E-073B-4B8A-B2EB-A5D34D60485B}.Debug|Any CPU.ActiveCfg = Debug|Any CPU
		{61413F1E-073B-4B8A-B2EB-A5D34D60485B}.Debug|Any CPU.Build.0 = Debug|Any CPU
		{61413F1E-073B-4B8A-B2EB-A5D34D60485B}.Release|Any CPU.ActiveCfg = Release|Any CPU
		{61413F1E-073B-4B8A-B2EB-A5D34D60485B}.Release|Any CPU.Build.0 = Release|Any CPU
		{92BBE5AB-CDBF-4815-8F7C-850721F35405}.Debug|Any CPU.ActiveCfg = Debug|Any CPU
		{92BBE5AB-CDBF-4815-8F7C-850721F35405}.Debug|Any CPU.Build.0 = Debug|Any CPU
		{92BBE5AB-CDBF-4815-8F7C-850721F35405}.Release|Any CPU.ActiveCfg = Release|Any CPU
		{92BBE5AB-CDBF-4815-8F7C-850721F35405}.Release|Any CPU.Build.0 = Release|Any CPU
	EndGlobalSection
	GlobalSection(SolutionProperties) = preSolution
		HideSolutionNode = FALSE
	EndGlobalSection
	GlobalSection(ExtensibilityGlobals) = postSolution
		SolutionGuid = {57B99A21-BB07-494A-BB0A-399973F19E64}
	EndGlobalSection
EndGlobal
