
Microsoft Visual Studio Solution File, Format Version 12.00
# Visual Studio Version 16
VisualStudioVersion = 16.0.35026.282
MinimumVisualStudioVersion = 10.0.40219.1
Project("{FAE04EC0-301F-11D3-BF4B-00C04F79EFBC}") = "Capa_Vista_Seguimiento", "Capa_Vista_Seguimiento\Capa_Vista_Seguimiento.csproj", "{C6EEC88F-9584-444A-9241-94E26FDB9BE0}"
EndProject
Project("{FAE04EC0-301F-11D3-BF4B-00C04F79EFBC}") = "Capa_Controlador_Seguimiento", "Capa_Controlador_Seguimiento\Capa_Controlador_Seguimiento.csproj", "{B9BCCBAA-8FAC-4D32-BBB0-E4307E8530FD}"
EndProject
Project("{FAE04EC0-301F-11D3-BF4B-00C04F79EFBC}") = "Capa_Modelo_Seguimiento", "Capa_Modelo_Seguimiento\Capa_Modelo_Seguimiento.csproj", "{617BA8A1-68EB-4408-AA75-5E3BBB82FED0}"
EndProject
Global
	GlobalSection(SolutionConfigurationPlatforms) = preSolution
		Debug|Any CPU = Debug|Any CPU
		Release|Any CPU = Release|Any CPU
	EndGlobalSection
	GlobalSection(ProjectConfigurationPlatforms) = postSolution
		{C6EEC88F-9584-444A-9241-94E26FDB9BE0}.Debug|Any CPU.ActiveCfg = Debug|Any CPU
		{C6EEC88F-9584-444A-9241-94E26FDB9BE0}.Debug|Any CPU.Build.0 = Debug|Any CPU
		{C6EEC88F-9584-444A-9241-94E26FDB9BE0}.Release|Any CPU.ActiveCfg = Release|Any CPU
		{C6EEC88F-9584-444A-9241-94E26FDB9BE0}.Release|Any CPU.Build.0 = Release|Any CPU
		{B9BCCBAA-8FAC-4D32-BBB0-E4307E8530FD}.Debug|Any CPU.ActiveCfg = Debug|Any CPU
		{B9BCCBAA-8FAC-4D32-BBB0-E4307E8530FD}.Debug|Any CPU.Build.0 = Debug|Any CPU
		{B9BCCBAA-8FAC-4D32-BBB0-E4307E8530FD}.Release|Any CPU.ActiveCfg = Release|Any CPU
		{B9BCCBAA-8FAC-4D32-BBB0-E4307E8530FD}.Release|Any CPU.Build.0 = Release|Any CPU
		{617BA8A1-68EB-4408-AA75-5E3BBB82FED0}.Debug|Any CPU.ActiveCfg = Debug|Any CPU
		{617BA8A1-68EB-4408-AA75-5E3BBB82FED0}.Debug|Any CPU.Build.0 = Debug|Any CPU
		{617BA8A1-68EB-4408-AA75-5E3BBB82FED0}.Release|Any CPU.ActiveCfg = Release|Any CPU
		{617BA8A1-68EB-4408-AA75-5E3BBB82FED0}.Release|Any CPU.Build.0 = Release|Any CPU
	EndGlobalSection
	GlobalSection(SolutionProperties) = preSolution
		HideSolutionNode = FALSE
	EndGlobalSection
	GlobalSection(ExtensibilityGlobals) = postSolution
		SolutionGuid = {A36C1AC7-F99B-402A-995B-915349FBAA1F}
	EndGlobalSection
EndGlobal
